
Microsoft Visual Studio Solution File, Format Version 12.00
# Visual Studio Version 16
VisualStudioVersion = 16.0.31019.35
MinimumVisualStudioVersion = 10.0.40219.1
Project("{FAE04EC0-301F-11D3-BF4B-00C04F79EFBC}") = "Circles", "Circles\Circles.csproj", "{7F67D567-4E5F-4732-BDE1-D61F7A387579}"
EndProject
Project("{FAE04EC0-301F-11D3-BF4B-00C04F79EFBC}") = "Circles.Tests", "Circles.Tests\Circles.Tests.csproj", "{651FF5D0-248B-415F-9B01-F8DA032F998C}"
EndProject
Global
	GlobalSection(SolutionConfigurationPlatforms) = preSolution
		Debug|Any CPU = Debug|Any CPU
		Release|Any CPU = Release|Any CPU
	EndGlobalSection
	GlobalSection(ProjectConfigurationPlatforms) = postSolution
		{7F67D567-4E5F-4732-BDE1-D61F7A387579}.Debug|Any CPU.ActiveCfg = Debug|Any CPU
		{7F67D567-4E5F-4732-BDE1-D61F7A387579}.Debug|Any CPU.Build.0 = Debug|Any CPU
		{7F67D567-4E5F-4732-BDE1-D61F7A387579}.Release|Any CPU.ActiveCfg = Release|Any CPU
		{7F67D567-4E5F-4732-BDE1-D61F7A387579}.Release|Any CPU.Build.0 = Release|Any CPU
		{651FF5D0-248B-415F-9B01-F8DA032F998C}.Debug|Any CPU.ActiveCfg = Debug|Any CPU
		{651FF5D0-248B-415F-9B01-F8DA032F998C}.Debug|Any CPU.Build.0 = Debug|Any CPU
		{651FF5D0-248B-415F-9B01-F8DA032F998C}.Release|Any CPU.ActiveCfg = Release|Any CPU
		{651FF5D0-248B-415F-9B01-F8DA032F998C}.Release|Any CPU.Build.0 = Release|Any CPU
	EndGlobalSection
	GlobalSection(SolutionProperties) = preSolution
		HideSolutionNode = FALSE
	EndGlobalSection
	GlobalSection(ExtensibilityGlobals) = postSolution
		SolutionGuid = {14CAD583-740A-4D8C-A4B2-EC160FE7C148}
	EndGlobalSection
EndGlobal
